{
    "_meta": {
        "hash": {
            "sha256": "5ff8b2eb3f83331fbbe8b8272788522df6f8a6a9e9d880b13285d27ef3743a95"
        },
        "pipfile-spec": 6,
        "requires": {
            "python_version": "3.6"
        },
        "sources": [
            {
                "name": "pypi",
                "url": "https://pypi.org/simple",
                "verify_ssl": true
            }
        ]
    },
    "default": {
        "alabaster": {
            "hashes": [
                "sha256:674bb3bab080f598371f4443c5008cbfeb1a5e622dd312395d2d82af2c54c456",
                "sha256:b63b1f4dc77c074d386752ec4a8a7517600f6c0db8cd42980cae17ab7b3275d7"
            ],
            "version": "==0.7.11"
        },
        "appnope": {
            "hashes": [
                "sha256:5b26757dc6f79a3b7dc9fab95359328d5747fcb2409d331ea66d0272b90ab2a0",
                "sha256:8b995ffe925347a2138d7ac0fe77155e4311a0ea6d6da4f5128fe4b3cbe5ed71"
            ],
            "markers": "sys_platform == 'darwin'",
            "version": "==0.1.0"
        },
        "asgi-ipc": {
            "hashes": [
                "sha256:311aeb6847ab791a9ce5117a4d823bcedd17c7e8a1a1a6900fd9325ef5204cac",
                "sha256:87cc9dda476d28f335261b73f0f3070f28847718de2e64da9a80492638203e43"
            ],
            "index": "pypi",
            "version": "==1.4.1"
        },
        "asgiref": {
            "hashes": [
                "sha256:8b46c3d6e2ad354d9da3cfb9873f9bd46fe1b768fbc11065275ba5430a46700c",
                "sha256:d69847e3164957f4e6da51d2f1192b920c6c7d626bd3fc55f47aa1295702a0ed"
            ],
            "version": "==1.1.2"
        },
        "attrs": {
            "hashes": [
                "sha256:4b90b09eeeb9b88c35bc642cbac057e45a5fd85367b985bd2809c62b7b939265",
                "sha256:e0d0eb91441a3b53dab4d9b743eafc1ac44476296a2053b6ca3af0b139faf87b"
            ],
            "version": "==18.1.0"
        },
        "autobahn": {
            "hashes": [
                "sha256:4debaa226ee8a9880e0a534049a6eb2b4e94694342c68a771d3ee06be99dde6a",
                "sha256:b69858e0be4bff8437b0bd82a0db1cbef7405e16bd9354ba587c043d6d5e1ad9"
            ],
            "version": "==18.8.1"
        },
        "automat": {
            "hashes": [
                "sha256:cbd78b83fa2d81fe2a4d23d258e1661dd7493c9a50ee2f1a5b2cac61c1793b0e",
                "sha256:fdccab66b68498af9ecfa1fa43693abe546014dd25cf28543cbe9d1334916a58"
            ],
            "version": "==0.7.0"
        },
        "autopep8": {
            "hashes": [
                "sha256:2284d4ae2052fedb9f466c09728e30d2e231cfded5ffd7b1a20c34123fdc4ba4"
            ],
            "index": "pypi",
            "version": "==1.3.5"
        },
        "babel": {
            "hashes": [
                "sha256:6778d85147d5d85345c14a26aada5e478ab04e39b078b0745ee6870c2b5cf669",
                "sha256:8cba50f48c529ca3fa18cf81fa9403be176d374ac4d60738b839122dfaaa3d23"
            ],
            "version": "==2.6.0"
        },
        "certifi": {
            "hashes": [
                "sha256:376690d6f16d32f9d1fe8932551d80b23e9d393a8578c5633a2ed39a64861638",
                "sha256:456048c7e371c089d0a77a5212fb37a2c2dce1e24146e3b7e0261736aaeaa22a"
            ],
            "version": "==2018.8.24"
        },
        "channels": {
            "hashes": [
                "sha256:02a82661241de0cf3bfa228cfc1e3e5c999a31215e213e6502a7ed60391c5e3f",
                "sha256:729bb1f8704b766b8682cf98fba7338c252d1d9fef15e8f41ffdb1a1526615e8"
            ],
            "index": "pypi",
            "version": "==1.1.8"
        },
        "chardet": {
            "hashes": [
                "sha256:84ab92ed1c4d4f16916e05906b6b75a6c0fb5db821cc65e70cbd64a3e2a5eaae",
                "sha256:fc323ffcaeaed0e0a02bf4d117757b98aed530d9ed4531e3e15460124c106691"
            ],
            "version": "==3.0.4"
        },
        "collectfast": {
            "hashes": [
                "sha256:bf4bd218045e0a06d2cddd2184ea90712c91dbc96dcb389d56d2ce7cc88ba746"
            ],
            "index": "pypi",
            "version": "==0.2.3"
        },
        "constantly": {
            "hashes": [
                "sha256:586372eb92059873e29eba4f9dec8381541b4d3834660707faf8ba59146dfc35",
                "sha256:dd2fa9d6b1a51a83f0d7dd76293d734046aa176e384bf6e33b7e44880eb37c5d"
            ],
            "version": "==15.1.0"
        },
        "coverage": {
            "hashes": [
                "sha256:00d464797a236f654337181af72b4baea3d35d056ca480e45e9163bb5df496b8",
                "sha256:0a90afa6f5ea08889da9066dca3ce2ef85d47587e3f66ca06a4fa8d3a0053acc",
                "sha256:0ba6c4345e3c197f6a3ba924d155c402ad28c080ac0d79529493eb17582fbc41",
                "sha256:2be3748f45d2eb0259c3c93abccc15c10725ef715bf0817a4c0a1a1dad2abc6a",
                "sha256:50727512afe77e044c7d7f2fd4cd0fe62b06527f965b335a810d956748e0514d",
                "sha256:6c2fd127cd4e2decb0ab41fe3ac2948b87ad2ea0470e24b4be5f7e7fdfef8df3",
                "sha256:6ed521ed3800d8f8911642b9b3c3891780a929db5e572c88c4713c1032530f82",
                "sha256:76a73a48a308fb87a4417d630b0345d36166f489ef17ea5aa8e4596fb50a2296",
                "sha256:7eaa0a33423476ed63317ee0a53cc07c0e36b5a390e3e95b95152e7eb6b3a6f6",
                "sha256:845d0f8a1765074b3256f07ddbce2969e5a5316dfd0eb3289137010d7677326a",
                "sha256:85b1275b6d7a61ccc8024a4e9a4c9e896394776edce1a5d075ec116f91925462",
                "sha256:8e60e720cad3ee6b0a32f475ae4040552c5623870a9ca0d3d4263faa89a8d96b",
                "sha256:93c50475f189cd226e9688b9897a0cd3c4c5d9c90b1733fa8f6445cfc0182c51",
                "sha256:94c1e66610807a7917d967ed6415b9d5fde7487ab2a07bb5e054567865ef6ef0",
                "sha256:964f86394cb4d0fd2bb40ffcddca321acf4323b48d1aa5a93db8b743c8a00f79",
                "sha256:99043494b28d6460035dd9410269cdb437ee460edc7f96f07ab45c57ba95e651",
                "sha256:addf63b5e39d573c459c3930b25176146395c1dc1afce4710067bb5e6dc4ea58",
                "sha256:af2f59ce312523c384a7826821cae0b95f320fee1751387abba4f00eed737166",
                "sha256:af6ed80340e5e1b89fa794f730ce7597651fbda3312e500002688b679c184ef9",
                "sha256:beb96d32ce8cfa47ec6433d95a33e4afaa97c19ac1b4a47ea40a424fedfee7c2",
                "sha256:c00bac0f6b35b82ace069a6a0d88e8fd4cd18d964fc5e47329cd02b212397fbe",
                "sha256:d079e36baceea9707fd50b268305654151011274494a33c608c075808920eda8",
                "sha256:d3188345f1c7161d701fd2ea9150f9bb6e2df890f3ddd6c0aea1f525e21d1544",
                "sha256:e65c78bde155a734f0d624647c4d6e0f47fb4875355a0b95c37d537788737f4f",
                "sha256:e813cba9ff0e3d37ad31dc127fac85d23f9a26d0461ef8042ac4539b2045e781",
                "sha256:e96c13a40df389ce8cbb5ec108e5fb834989d1bedff5d8846e5aa3d270a5f3b6",
                "sha256:ee2338539157cfc35fb1d6757dd799126804df39393c4a6c5fe88b402c8c0ab4"
            ],
            "index": "pypi",
            "version": "==4.0.3"
        },
        "daphne": {
            "hashes": [
                "sha256:302725f223853b05688f28c361e050f8db9568b1ce27340c76272c26b49e6d72",
                "sha256:fcbf720555eb0e26cdc3883dc9a910be03a294b30b742acfbb4f5e7408875376"
            ],
            "version": "==1.4.2"
        },
        "decorator": {
            "hashes": [
                "sha256:2c51dff8ef3c447388fe5e4453d24a2bf128d3a4c32af3fabef1f01c6851ab82",
                "sha256:c39efa13fbdeb4506c476c9b3babf6a718da943dab7811c206005a4a956c080c"
            ],
            "version": "==4.3.0"
        },
        "defusedxml": {
            "hashes": [
                "sha256:24d7f2f94f7f3cb6061acb215685e5125fbcdc40a857eff9de22518820b0a4f4",
                "sha256:702a91ade2968a82beb0db1e0766a6a273f33d4616a6ce8cde475d8e09853b20"
            ],
            "version": "==0.5.0"
        },
        "django": {
            "hashes": [
                "sha256:17a66de5cf59b5ee81c3dc57609b145bb45adddc0dc06937b998597d6e7b4523",
                "sha256:8fb693ecfe4cd6ff9ae3136ff0a1eaa4acae01af227bb81e646dc2bad3295ccf"
            ],
            "index": "pypi",
            "version": "==1.8.7"
        },
        "django-allauth": {
            "hashes": [
                "sha256:229a6a5a63ff55f9eb46d4dae3863ba775735bf60bfc16bf4e2042f214f18e1d"
            ],
            "index": "pypi",
            "version": "==0.24.1"
        },
        "django-autoslug": {
            "hashes": [
                "sha256:790efc84246ad8b7106d94e79bff8eb14b94616e8765235784483832899bb40a",
                "sha256:d466a68e87d076f0d0d6ffe51ff70fa22ae4ca2f7717d769feb6265ef68c50f8"
            ],
            "index": "pypi",
            "version": "==1.9.3"
        },
        "django-braces": {
            "hashes": [
                "sha256:88aa2eac0377bde8540b15c77f410785ee8d4f6b4913bf53464678327cd43d48",
                "sha256:e7e878528b06441464fe0f27b4771cec66f9496e0297042540b2822330e46c1e"
            ],
            "index": "pypi",
            "version": "==1.8.1"
        },
        "django-coverage-plugin": {
            "hashes": [
                "sha256:dbe987cc7b08bfd5771a137f15bac59c7adc4fb0954139d0633cf058e27d607b"
            ],
            "index": "pypi",
            "version": "==1.1"
        },
        "django-crispy-forms": {
            "hashes": [
                "sha256:47ef7f74003b2a07a78ce6ed70b6472bf30efd7f8c3ef15fe0ca6685be2e0dfb"
            ],
            "index": "pypi",
            "version": "==1.5.2"
        },
        "django-debug-toolbar": {
            "hashes": [
                "sha256:0cbae8760f4851d480a70b72ace5b075f8191ecf899bc97427715e50fb0e90b9",
                "sha256:852a37b80df9597048591ebc87d0ce85a4edceaef015dc5360ad89cc5960c27b"
            ],
            "index": "pypi",
            "version": "==1.4"
        },
        "django-environ": {
            "hashes": [
                "sha256:70cf521f87e64f4dd2aeb87ced006dc98f621e2cdb38134fbcbcf6309fde6244"
            ],
            "index": "pypi",
            "version": "==0.4.0"
        },
        "django-extensions": {
            "hashes": [
                "sha256:141965ae43bbe36a0682a4d1527ed82bc5d4c203113f91171257a5d9764edd82",
                "sha256:59c12ad4dae6cb7a54deac626a0907d8b0d19b5757dc1d15b06374695131528b"
            ],
            "index": "pypi",
            "version": "==1.5.9"
        },
        "django-floppyforms": {
            "hashes": [
                "sha256:0f122db028a2bf1512a36e2bb9b4928eef3381c5fb9e1eef119198bedfae3448"
            ],
            "index": "pypi",
            "version": "==1.5.2"
        },
        "django-model-utils": {
            "hashes": [
                "sha256:825f3dc84a6503ee2bb1668d5056f6cd14722293c50bbab3ca375db1c5eea206"
            ],
            "index": "pypi",
            "version": "==2.3.1"
        },
        "django-secure": {
            "hashes": [
                "sha256:b14f6e1b1224e9de347aef4e53f00bdd85b505d08a3e28b6357e4c10e2ddf37b"
            ],
            "index": "pypi",
            "version": "==1.0.1"
        },
        "django-test-plus": {
            "hashes": [
                "sha256:8590d65a07dc23a5c03dac147e79fd6548b3552d83e4c13edbe23d99bf84fd4e"
            ],
            "index": "pypi",
            "version": "==1.0.11"
        },
        "docutils": {
            "hashes": [
                "sha256:02aec4bd92ab067f6ff27a38a38a41173bf01bed8f89157768c1573f53e474a6",
                "sha256:51e64ef2ebfb29cae1faa133b3710143496eca21c530f3f71424d77687764274",
                "sha256:7a4bd47eaf6596e1295ecb11361139febe29b084a87bf005bf899f9a42edc3c6"
            ],
            "version": "==0.14"
        },
        "factory-boy": {
            "hashes": [
                "sha256:116610a170918df342db2c4bafbc8f4b91780c49878f929d89e360f10ad29d2a",
                "sha256:75e4c9786ed28d19ec7fb500f3c7221a6eb87748cbc6f5e2eeaca4c3d68f30cb"
            ],
            "index": "pypi",
            "version": "==2.6.0"
        },
        "fake-factory": {
            "hashes": [
                "sha256:60c64a953c03e29fbee6b59fcb700c86a313778d68dc5816fc560ef515019d77",
                "sha256:f5bd18deb22ad8cb4402513c025877bc6b50de58902d686b6b21ba8981dce260"
            ],
            "version": "==9999.9.9"
        },
        "flake8": {
            "hashes": [
                "sha256:7253265f7abd8b313e3892944044a365e3f4ac3fcdcfb4298f55ee9ddf188ba0",
                "sha256:c7841163e2b576d435799169b78703ad6ac1bbb0f199994fc05f700b2a90ea37"
            ],
            "index": "pypi",
            "version": "==3.5.0"
        },
        "gevent": {
            "hashes": [
                "sha256:004cdbc6c18b4076acfa256c1794abf87bf9b97e0cfd4136f5098535c4b4132e",
                "sha256:222d56542edd2883f9972d30243808e76ad75d2f0218bc219467b170653df5d0",
                "sha256:3ae1ca0f533ddcb17aab16ce66b424b3f3b855ff3b9508526915d3c6b73fba31",
                "sha256:704a048005e6389fcb8276113bb9e7d0a3160bc382b9bcc629e398a43645de5c",
                "sha256:80ee22c28dae6dc70c7e4385f0d0292da9eebccf14b90620a32f10d71797838e",
                "sha256:aa224957cbbc028bbdfbec89625c7efa66bb8ddb845ed2fe323bd6b24e919dcf",
                "sha256:f3e8656f0b7bce355f14896d0b644c0a91e01fa12d9d65e6b09faad1d2c06e65"
            ],
            "index": "pypi",
            "version": "==1.0.2"
        },
        "greenlet": {
            "hashes": [
                "sha256:0411b5bf0de5ec11060925fd811ad49073fa19f995bcf408839eb619b59bb9f7",
                "sha256:131f4ed14f0fd28d2a9fa50f79a57d5ed1c8f742d3ccac3d773fee09ef6fe217",
                "sha256:13510d32f8db72a0b3e1720dbf8cba5c4eecdf07abc4cb631982f51256c453d1",
                "sha256:31dc4d77ef04ab0460d024786f51466dbbc274fda7c8aad0885a6df5ff8d642e",
                "sha256:35021d9fecea53b21e4defec0ff3ad69a8e2b75aca1ceddd444a5ba71216547e",
                "sha256:426a8ef9e3b97c27e841648241c2862442c13c91ec4a48c4a72b262ccf30add9",
                "sha256:58217698193fb94f3e6ff57eed0ae20381a8d06c2bc10151f76c06bb449a3a19",
                "sha256:5f45adbbb69281845981bb4e0a4efb8a405f10f3cd6c349cb4a5db3357c6bf93",
                "sha256:5fdb524767288f7ad161d2182f7ed6cafc0a283363728dcd04b9485f6411547c",
                "sha256:71fbee1f7ef3fb42efa3761a8faefc796e7e425f528de536cfb4c9de03bde885",
                "sha256:80bd314157851d06f7db7ca527082dbb0ee97afefb529cdcd59f7a5950927ba0",
                "sha256:b843c9ef6aed54a2649887f55959da0031595ccfaf7e7a0ba7aa681ffeaa0aa1",
                "sha256:c6a05ef8125503d2d282ccf1448e3599b8a6bd805c3cdee79760fa3da0ea090e",
                "sha256:deeda2769a52db840efe5bf7bdf7cefa0ae17b43a844a3259d39fb9465c8b008",
                "sha256:e66f8b09eec1afdcab947d3a1d65b87b25fde39e9172ae1bec562488335633b4",
                "sha256:e8db93045414980dbada8908d49dbbc0aa134277da3ff613b3e548cb275bdd37",
                "sha256:f1cc268a15ade58d9a0c04569fe6613e19b8b0345b64453064e2c3c6d79051af",
                "sha256:fe3001b6a4f3f3582a865b9e5081cc548b973ec20320f297f5e2d46860e9c703",
                "sha256:fe85bf7adb26eb47ad53a1bae5d35a28df16b2b93b89042a3a28746617a4738d"
            ],
            "version": "==0.4.14"
        },
        "gunicorn": {
            "hashes": [
                "sha256:53b8ab4676446892354407507c3a936ba731077c0f79239dd6e530507669e931",
                "sha256:63f1a0ce2502c01800de1d4dc812c9eba082e99f44beaacae9496c4151b096f8"
            ],
            "index": "pypi",
            "version": "==19.4.1"
        },
        "hyperlink": {
            "hashes": [
                "sha256:98da4218a56b448c7ec7d2655cb339af1f7d751cf541469bb4fc28c4a4245b34",
                "sha256:f01b4ff744f14bc5d0a22a6b9f1525ab7d6312cb0ff967f59414bbac52f0a306"
            ],
            "version": "==18.0.0"
        },
        "idna": {
            "hashes": [
                "sha256:156a6814fb5ac1fc6850fb002e0852d56c0c8d2531923a51032d1b70760e186e",
                "sha256:684a38a6f903c1d71d6d5fac066b58d7768af4de2b832e426ec79c30daa94a16"
            ],
            "version": "==2.7"
        },
        "imagesize": {
            "hashes": [
                "sha256:3620cc0cadba3f7475f9940d22431fc4d407269f1be59ec9b8edcca26440cf18",
                "sha256:5b326e4678b6925158ccc66a9fa3122b6106d7c876ee32d7de6ce59385b96315"
            ],
            "version": "==1.0.0"
        },
        "incremental": {
            "hashes": [
                "sha256:717e12246dddf231a349175f48d74d93e2897244939173b01974ab6661406b9f",
                "sha256:7b751696aaf36eebfab537e458929e194460051ccad279c72b755a167eebd4b3"
            ],
            "version": "==17.5.0"
        },
        "ipdb": {
            "hashes": [
                "sha256:1763d1564113f5eb89df77879a8d3213273c4d7ff93dcb37a3070cdf0c34fd7c"
            ],
            "index": "pypi",
            "version": "==0.8.1"
        },
        "ipython": {
            "hashes": [
                "sha256:2db893efa27c237f314a4f28294279f5dabafff1d0a7bbb45f95e44edb17810c",
                "sha256:4452b99ed28453c68dbd2765899d3df8fa5b2bb98dcceb2028ca9c0ccbcc37eb",
                "sha256:7ef4694e1345913182126b219aaa4a0047e191af414256da6772cf249571b961",
                "sha256:e0dcab13f935afbb6441a1c34a882cd558dcb590ef295560f5a1af247e554931"
            ],
            "index": "pypi",
            "version": "==5.1.0"
        },
        "ipython-genutils": {
            "hashes": [
                "sha256:72dd37233799e619666c9f639a9da83c34013a73e8bbc79a7a6348d93c61fab8",
                "sha256:eb2e116e75ecef9d4d228fdc66af54269afa26ab4463042e33785b887c628ba8"
            ],
            "version": "==0.2.0"
        },
        "jinja2": {
            "hashes": [
                "sha256:74c935a1b8bb9a3947c50a54766a969d4846290e1e788ea44c1392163723c3bd",
                "sha256:f84be1bb0040caca4cea721fcbbbbd61f9be9464ca236387158b0feea01914a4"
            ],
            "version": "==2.10"
        },
        "jinja2-cli": {
            "hashes": [
                "sha256:33e7c442e940812eca251a6bd41c812f16b126ffb81280462f220c4903512765",
                "sha256:4b1be17ce8a8f133df02205c3f0d3ebfc3a68e795d26987f846a2316636427b7"
            ],
            "index": "pypi",
            "version": "==0.6.0"
        },
        "markupsafe": {
            "hashes": [
                "sha256:a6be69091dac236ea9c6bc7d012beab42010fa914c459791d627dad4910eb665"
            ],
            "version": "==1.0"
        },
        "mccabe": {
            "hashes": [
                "sha256:ab8a6258860da4b6677da4bd2fe5dc2c659cff31b3ee4f7f5d64e79735b80d42",
                "sha256:dd8d182285a0fe56bace7f45b5e7d1a6ebcbf524e8f3bd87eb0f125271b8831f"
            ],
            "version": "==0.6.1"
        },
        "msgpack-python": {
            "hashes": [
                "sha256:378cc8a6d3545b532dfd149da715abae4fda2a3adb6d74e525d0d5e51f46909b"
            ],
            "version": "==0.5.6"
        },
        "oauthlib": {
            "hashes": [
                "sha256:ac35665a61c1685c56336bda97d5eefa246f1202618a1d6f34fccb1bdd404162",
                "sha256:d883b36b21a6ad813953803edfa563b1b579d79ca758fe950d1bc9e8b326025b"
            ],
            "version": "==2.1.0"
        },
        "packaging": {
            "hashes": [
                "sha256:e9215d2d2535d3ae866c3d6efc77d5b24a0192cce0ff20e42896cc0664f889c0",
                "sha256:f019b770dd64e585a99714f1fd5e01c7a8f11b45635aa953fd41c689a657375b"
            ],
            "version": "==17.1"
        },
        "pexpect": {
            "hashes": [
                "sha256:2a8e88259839571d1251d278476f3eec5db26deb73a70be5ed5dc5435e418aba",
                "sha256:3fbd41d4caf27fa4a377bfd16fef87271099463e6fa73e92a52f92dfee5d425b"
            ],
            "markers": "sys_platform != 'win32'",
            "version": "==4.6.0"
        },
        "pickleshare": {
            "hashes": [
                "sha256:84a9257227dfdd6fe1b4be1319096c20eb85ff1e82c7932f36efccfe1b09737b",
                "sha256:c9a2541f25aeabc070f12f452e1f2a8eae2abd51e1cd19e8430402bdf4c1d8b5"
            ],
            "version": "==0.7.4"
        },
        "pillow": {
            "hashes": [
                "sha256:0024fce578547a3da92579a163bae09b1d9f0baf3cd8e4a893dc6c11e4e624bb",
                "sha256:07849f8d08c3f47dd7759ed5b0a070e6de8a2cef47ae3c39f94d076fcad02875",
                "sha256:0af23c7d7fdf657ca1e3d6bc873a1c402d00231de76e457507fec9f2262ffdf1",
                "sha256:0b9e31e9f4471ef7931e74a614d1cdecea0ebdd6fb5e085826deb76d7b0f41f7",
                "sha256:20e790f08519302786281fe5447f46552903ed3470dbb51494a1c9eed189e731",
                "sha256:275fd1ac025e514c10e0283d3e47ed6dd2a28f84eb77d6e7ba1fb5117050224e",
                "sha256:31dc9fa28a7d9dadff4610c2a944f6562887be059f6a28970d8550009f3767c4",
                "sha256:34fdae63f45bc5268db9edd5c80e51c7959260cc89a0cedf2e5b1f933b34c427",
                "sha256:3cf6a407d1adc04628db9460b79a9b5e4db399df170f32adb607198fff4ffd9a",
                "sha256:41850ea05463336f6fad89841c3387aa1f01aa5b76ac376724e4f36f6d54d86c",
                "sha256:46721d642857f83f36b105d3256af5c2ad2714fa08afb80a91b515eac8963e90",
                "sha256:47feef511e8fe5d66eb18fc232c4d845e86cd469a46121959cdb34cec51c4c95",
                "sha256:4c07aca57e176419938d1d5208f351e21114bfd37b75b7551363362584ae494f",
                "sha256:4eee1eb18570e2afab84f997f05617dc056095640dc499d258592de1f16e00da",
                "sha256:5728fd8d460afb657586867dd33096a25f4a32429d11b0690994e8642033c77e",
                "sha256:5cf7576e142195f6d76a5fffe15186a66d8457f6c604415f2de0b3267628350d",
                "sha256:5f0d5d60ed7715f28415f1c3181756ea2a866acdee5c3cd377fec98ca0af9867",
                "sha256:66a3757ac414232004fc605684bffdc45d234e9e4e9e840a61e9780a6eb9afc3",
                "sha256:6785973d511efd413c843cdecdf5dc04523f665dab52d603329ace4a3d12c012",
                "sha256:6c863da99f4a1d3e76764655e94cc67ffccd563c7b92099a8176a39249e76b55",
                "sha256:7402e73a8825947863fb01ab5cf20733610bfa99cf684f2b26519ce080ac7458",
                "sha256:7c37881b6dfe1d1083baaf99e119041df7d2a2c284f9e7880e56ef8df42dd5c8",
                "sha256:85c7e8242bda80f4799826c3b85edd10b03c5dfe19c90d995ff37a64d0a87f2a",
                "sha256:923be7444e31c85d84196e26eaad105a4c06cc65ccaa33a2a22680c7f2321ed3",
                "sha256:98562ddfa771d1e5ef957ddf123e9655b17c29cf8b403be44f71e6c5d4bdfa95",
                "sha256:a137a6374d0927b22edb58c4bc51a4d9ddf612c47ee1b419c5c8cbdd5032be1e",
                "sha256:a657fb793a61fb373f76b220f65276d6bbbc95af47e2ef090703dd15dcc52ddf",
                "sha256:ad50bef540fe5518a4653c3820452a881b6a042cb0f8bb7657c491c6bd3654bb",
                "sha256:b0966dcabeb2dd7a2f635dff374a4465b43440d3646b4cb667c7def58d40bd2c",
                "sha256:b245176f11d970a4179d539f7ed1661a0fd5d2c2a956fbefe59d63aa4033bc3c",
                "sha256:b7fec440ea0e6da780988c42e903aad3cc390c6a78c4a254d6c0b416f890234c",
                "sha256:b9b047c1cae05e2a9dddd12dbd002b61777de4a1b4ef05f0a35e6bfe238f999e",
                "sha256:bf9a415dedbb92ce9b896c30c60bdbfc264f7ad123baf3fb4c1803d975155137",
                "sha256:c0686a26e02eee72496340a243c85eb96f8828a307d523556f7d7213b37d8c23",
                "sha256:cc1feccb5d94fb6d67f5f9e7ef7c3da8eae95d1bfc866ae84f4532068f2abe9c",
                "sha256:cd492301c7885497132ec328e8d73d4f89693b270120068c2f391ac18a783de2",
                "sha256:d4aa24fd5b2acc4a3a449e159e8e6754d6a6dacdef3f296fb8882d1793cd0e25",
                "sha256:e0a5720058d370c5c290e13bdf950b72af23fe25495472ac86a8336da5a595e5",
                "sha256:e15fe4447a34965223e05e7489e5d3194e9a8f07603e0d1f9128f6bec8f9501f",
                "sha256:ea8ea1c323f5f1e7fe214b98ec125e371e626c1eb06cf7bb06c0e36aadae1dd4",
                "sha256:f1fa1f2792bf4724c0df4768485ab09be2b7335c6b8515634757c197c78cc548",
                "sha256:f42fd86fadb06b3ae310bd1d50e1f063b40fdf57bb7e9a006fb99372c92d5a12",
                "sha256:fdccf59abb98a033685aadc2e0e63989c3a7a5e3a91006f67684850bb24d8f7b"
            ],
            "index": "pypi",
            "version": "==3.0.0"
        },
        "posix-ipc": {
            "hashes": [
                "sha256:40f1324d1aac30516dc6476f6ec4d7a8c2deff584042dcf841bc612a639bd474",
                "sha256:7c3cd796087a0f7968578451d49ea721be5890d906489eb5bc55ea9d4e980701",
                "sha256:ff6c9077633fc62a491d6997c43b094d885bb45a7ca1f36c9a0d647c54b74b14"
            ],
            "version": "==1.0.4"
        },
        "prompt-toolkit": {
            "hashes": [
                "sha256:1df952620eccb399c53ebb359cc7d9a8d3a9538cb34c5a1344bdbeb29fbcc381",
                "sha256:3f473ae040ddaa52b52f97f6b4a493cfa9f5920c255a12dc56a7d34397a398a4",
                "sha256:858588f1983ca497f1cf4ffde01d978a3ea02b01c8a26a8bbc5cd2e66d816917"
            ],
            "version": "==1.0.15"
        },
        "psycopg2": {
            "hashes": [
                "sha256:09cb52215db4a8c68a765f2da33fafbd049e7611cb70708ff8c5f7a3c89ce364",
                "sha256:0cf35f41d1c87b01ce0b3cb0b88d64285a2c9bf95c1f5299ae9dcaa6fdd8c66c",
                "sha256:0d9f8043c3d2262a7ad2d8cf8dfd2630b12207e69b829b6f4092e47556a3f572",
                "sha256:267814317483571e637a32d15d71ef6c8e3b05a2ecba97b2b0d71fa7ea9eb1f5",
                "sha256:2c1d3c0e4c929f1401879cb5ce9a043afce85255f9439bd7cebaf025149c5a20",
                "sha256:5515581466f1a7aa74f7b435311bdbd686b2f2dda4f0c7c95f802c444b05eda9",
                "sha256:6acf9abbbe757ef75dc2ecd9d91ba749547941abaffbe69ff2086a9e37d4904c",
                "sha256:6d196184d1e8b140bc5af1d5eeda8aeed26a241317d8860992e83e8acefa6177",
                "sha256:7ccbe6665535bc0cc13c83dab71b424bde0999f5f0a69b29b557ecc41cd0f8dc",
                "sha256:d9468943b49c798d3fada2e76dd59832eb786e0b0196a108de7ed3aae3ca16c1",
                "sha256:fe8446b2f680a99ac114af2c90f8b69e56052ff4d2359c510a8dc61d252ac325"
            ],
            "index": "pypi",
            "version": "==2.6.1"
        },
        "ptyprocess": {
            "hashes": [
                "sha256:923f299cc5ad920c68f2bc0bc98b75b9f838b93b599941a6b63ddbc2476394c0",
                "sha256:d7cc528d76e76342423ca640335bd3633420dc1366f258cb31d05e865ef5ca1f"
            ],
            "version": "==0.6.0"
        },
        "pycodestyle": {
            "hashes": [
                "sha256:682256a5b318149ca0d2a9185d365d8864a768a28db66a84a2ea946bcc426766",
                "sha256:6c4245ade1edfad79c3446fadfc96b0de2759662dc29d07d80a6f27ad1ca6ba9"
            ],
            "version": "==2.3.1"
        },
        "pyflakes": {
            "hashes": [
                "sha256:08bd6a50edf8cffa9fa09a463063c425ecaaf10d1eb0335a7e8b1401aef89e6f",
                "sha256:8d616a382f243dbf19b54743f280b80198be0bca3a5396f1d2e1fca6223e8805"
            ],
            "version": "==1.6.0"
        },
        "pygments": {
            "hashes": [
                "sha256:78f3f434bcc5d6ee09020f92ba487f95ba50f1e3ef83ae96b9d5ffa1bab25c5d",
                "sha256:dbae1046def0efb574852fab9e90209b23f556367b5a320c0bcb871c77c3e8cc"
            ],
            "version": "==2.2.0"
        },
        "pyhamcrest": {
            "hashes": [
                "sha256:6b672c02fdf7470df9674ab82263841ce8333fb143f32f021f6cb26f0e512420",
                "sha256:7a4bdade0ed98c699d728191a058a60a44d2f9c213c51e2dd1e6fb42f2c6128a",
                "sha256:8ffaa0a53da57e89de14ced7185ac746227a8894dbd5a3c718bf05ddbd1d56cd",
                "sha256:bac0bea7358666ce52e3c6c85139632ed89f115e9af52d44b3c36e0bf8cf16a9",
                "sha256:f30e9a310bcc1808de817a92e95169ffd16b60cbc5a016a49c8d0e8ababfae79"
            ],
            "version": "==1.9.0"
        },
        "pyparsing": {
            "hashes": [
                "sha256:0832bcf47acd283788593e7a0f542407bd9550a55a8a8435214a1960e04bcb04",
                "sha256:281683241b25fe9b80ec9d66017485f6deff1af5cde372469134b56ca8447a07",
                "sha256:8f1e18d3fd36c6795bb7e02a39fd05c611ffc2596c1e0d995d34d67630426c18",
                "sha256:9e8143a3e15c13713506886badd96ca4b579a87fbdf49e550dbfc057d6cb218e",
                "sha256:b8b3117ed9bdf45e14dcc89345ce638ec7e0e29b2b579fa1ecf32ce45ebac8a5",
                "sha256:e4d45427c6e20a59bf4f88c639dcc03ce30d193112047f94012102f235853a58",
                "sha256:fee43f17a9c4087e7ed1605bd6df994c6173c1e977d7ade7b651292fab2bd010"
            ],
            "version": "==2.2.0"
        },
        "python-dateutil": {
            "hashes": [
                "sha256:1adb80e7a782c12e52ef9a8182bebeb73f1d7e24e374397af06fb4956c8dc5c0",
                "sha256:e27001de32f627c22380a688bcc43ce83504a7bc5da472209b4c70f02829f0b8"
            ],
            "version": "==2.7.3"
        },
        "python3-openid": {
            "hashes": [
                "sha256:0086da6b6ef3161cfe50fb1ee5cceaf2cda1700019fda03c2c5c440ca6abe4fa",
                "sha256:628d365d687e12da12d02c6691170f4451db28d6d68d050007e4a40065868502"
            ],
            "version": "==3.1.0"
        },
        "pytz": {
            "hashes": [
                "sha256:3abe6a6d3fc2fbbe4c60144211f45da2edbe3182a6f6511af6bbba0598b1f992",
                "sha256:3cca0df08bd0ed98432390494ce3ded003f5e661aa460be7a734bffe35983605",
                "sha256:3ede470d3d17ba3c07638dfa0d10452bc1b6e5ad326127a65ba77e6aaeb11bec",
                "sha256:68c47964f7186eec306b13629627722b9079cd4447ed9e5ecaecd4eac84ca734",
                "sha256:81af9aec4bc960a9a0127c488f18772dae4634689233f06f65443e7b11ebeb51",
                "sha256:8b6ce1c993909783bc96e0b4f34ea223bff7a4df2c90bdb9c4e0f1ac928689e3",
                "sha256:939ef9c1e1224d980405689a97ffcf7828c56d1517b31d73464356c1f2b7769e",
                "sha256:99266ef30a37e43932deec2b7ca73e83c8dbc3b9ff703ec73eca6b1dae6befea",
                "sha256:a77c52062c07eb7c7b30545dbc73e32995b7e117eea750317b5cb5c7a4618f14",
                "sha256:dd5d3991950aae40a6c81de1578942e73d629808cefc51d12cd157980e6cfc18",
                "sha256:e079b1dadc5c06246cc1bb6fe1b23a50b1d1173f2edd5104efd40bb73a28f406",
                "sha256:ead4aefa7007249e05e51b01095719d5a8dd95760089f5730aac5698b1932918",
                "sha256:fbd26746772c24cb93c8b97cbdad5cb9e46c86bbdb1b9d8a743ee00e2fb1fc5d"
            ],
            "index": "pypi",
            "version": "==2015.7"
        },
        "pyyaml": {
            "hashes": [
                "sha256:3d7da3009c0f3e783b2c873687652d83b1bbfd5c88e9813fb7e5b03c0dd3108b",
                "sha256:3ef3092145e9b70e3ddd2c7ad59bdd0252a94dfe3949721633e41344de00a6bf",
                "sha256:40c71b8e076d0550b2e6380bada1f1cd1017b882f7e16f09a65be98e017f211a",
                "sha256:558dd60b890ba8fd982e05941927a3911dc409a63dcb8b634feaa0cda69330d3",
                "sha256:a7c28b45d9f99102fa092bb213aa12e0aaf9a6a1f5e395d36166639c1f96c3a1",
                "sha256:aa7dd4a6a427aed7df6fb7f08a580d68d9b118d90310374716ae90b710280af1",
                "sha256:bc558586e6045763782014934bfaf39d48b8ae85a2713117d16c39864085c613",
                "sha256:d46d7982b62e0729ad0175a9bc7e10a566fc07b224d2c79fafb5e032727eaa04",
                "sha256:d5eef459e30b09f5a098b9cea68bebfeb268697f78d647bd255a085371ac7f3f",
                "sha256:e01d3203230e1786cd91ccfdc8f8454c8069c91bee3962ad93b87a4b2860f537",
                "sha256:e170a9e6fcfd19021dd29845af83bb79236068bf5fd4df3327c1be18182b2531"
            ],
            "index": "pypi",
            "version": "==3.13"
        },
        "requests": {
            "hashes": [
                "sha256:63b52e3c866428a224f97cab011de738c36aec0185aa91cfacd418b5d58911d1",
                "sha256:ec22d826a36ed72a7358ff3fe56cbd4ba69dd7a6718ffd450ff0e9df7a47ce6a"
            ],
            "version": "==2.19.1"
        },
        "requests-oauthlib": {
            "hashes": [
                "sha256:8886bfec5ad7afb391ed5443b1f697c6f4ae98d0e5620839d8b4499c032ada3f",
                "sha256:e21232e2465808c0e892e0e4dbb8c2faafec16ac6dc067dd546e9b466f3deac8",
                "sha256:fe3282f48fb134ee0035712159f5429215459407f6d5484013343031ff1a400d"
            ],
            "version": "==1.0.0"
        },
        "simplegeneric": {
            "hashes": [
                "sha256:dc972e06094b9af5b855b3df4a646395e43d1c9d0d39ed345b7393560d0b9173"
            ],
            "version": "==0.8.1"
        },
        "six": {
            "hashes": [
                "sha256:70e8a77beed4562e7f14fe23a786b54f6296e34344c23bc42f07b15018ff98e9",
                "sha256:832dc0e10feb1aa2c68dcc57dbb658f1c7e65b9b61af69048abc87a2db00a0eb"
            ],
            "version": "==1.11.0"
        },
        "snowballstemmer": {
            "hashes": [
                "sha256:919f26a68b2c17a7634da993d91339e288964f93c274f1343e3bbbe2096e1128",
                "sha256:9f3bcd3c401c3e862ec0ebe6d2c069ebc012ce142cce209c098ccb5b09136e89"
            ],
            "version": "==1.2.1"
        },
        "sphinx": {
            "hashes": [
                "sha256:a07050845cc9a2f4026a6035cc8ed795a5ce7be6528bbc82032385c10807dfe7",
                "sha256:d719de667218d763e8fd144b7fcfeefd8d434a6201f76bf9f0f0c1fa6f47fcdb"
            ],
            "index": "pypi",
            "version": "==1.7.8"
        },
        "sphinxcontrib-websupport": {
            "hashes": [
                "sha256:68ca7ff70785cbe1e7bccc71a48b5b6d965d79ca50629606c7861a21b206d9dd",
                "sha256:9de47f375baf1ea07cdb3436ff39d7a9c76042c10a769c52353ec46e4e8fc3b9"
            ],
            "version": "==1.1.0"
        },
        "sqlparse": {
            "hashes": [
                "sha256:d896be1a1c7f24bffe08d7a64e6f0176b260e281c5f3685afe7826f8bada4ee8"
            ],
            "index": "pypi",
            "version": "==0.1.19"
        },
        "traitlets": {
            "hashes": [
                "sha256:9c4bd2d267b7153df9152698efb1050a5d84982d3384a37b2c1f7723ba3e7835",
                "sha256:c6cb5e6f57c5a9bdaa40fa71ce7b4af30298fbab9ece9815b5d995ab6217c7d9"
            ],
            "version": "==4.3.2"
        },
        "twisted": {
            "hashes": [
                "sha256:5de7b79b26aee64efe63319bb8f037af88c21287d1502b39706c818065b3d5a4",
                "sha256:95ae985716e8107816d8d0df249d558dbaabb677987cc2ace45272c166b267e4"
            ],
            "version": "==18.7.0"
        },
        "txaio": {
            "hashes": [
                "sha256:67e360ac73b12c52058219bb5f8b3ed4105d2636707a36a7cdafb56fe06db7fe",
                "sha256:b6b235d432cc58ffe111b43e337db71a5caa5d3eaa88f0eacf60b431c7626ef5"
            ],
            "version": "==18.8.1"
        },
        "unicode-slugify": {
            "hashes": [
                "sha256:34cf3afefa6480efe705a4fc0eaeeaf7f49754aec322ba3e8b2f27dc1cbcf650"
            ],
            "index": "pypi",
            "version": "==0.1.3"
        },
        "unidecode": {
            "hashes": [
                "sha256:72f49d3729f3d8f5799f710b97c1451c5163102e76d64d20e170aedbbd923582",
                "sha256:8c33dd588e0c9bc22a76eaa0c715a5434851f726131bd44a6c26471746efabf5"
            ],
            "version": "==1.0.22"
        },
        "urllib3": {
            "hashes": [
                "sha256:a68ac5e15e76e7e5dd2b8f94007233e01effe3e50e8daddf69acfd81cb686baf",
                "sha256:b5725a0bd4ba422ab0e66e89e030c806576753ea3ee08554382c14e685d117b5"
            ],
            "version": "==1.23"
        },
        "wcwidth": {
            "hashes": [
                "sha256:3df37372226d6e63e1b1e1eda15c594bca98a22d33a23832a90998faa96bc65e",
                "sha256:f4ebe71925af7b40a864553f761ed559b43544f8f71746c2d756c7fe788ade7c"
            ],
            "version": "==0.1.7"
        },
        "werkzeug": {
            "hashes": [
                "sha256:b6a93e909b31e3e14659584ff7329864275905ddc1b8653861bdfe1e597250f4",
                "sha256:eb4f98994b40a8e2edce289e811c9a38880ae53eb9ff6f031d0e243a69b0fcbf"
            ],
            "index": "pypi",
            "version": "==0.11.2"
        },
        "zope.interface": {
            "hashes": [
                "sha256:21506674d30c009271fe68a242d330c83b1b9d76d62d03d87e1e9528c61beea6",
                "sha256:3d184aff0756c44fff7de69eb4cd5b5311b6f452d4de28cb08343b3f21993763",
                "sha256:467d364b24cb398f76ad5e90398d71b9325eb4232be9e8a50d6a3b3c7a1c8789",
                "sha256:57c38470d9f57e37afb460c399eb254e7193ac7fb8042bd09bdc001981a9c74c",
                "sha256:9ada83f4384bbb12dedc152bcdd46a3ac9f5f7720d43ac3ce3e8e8b91d733c10",
                "sha256:a1daf9c5120f3cc6f2b5fef8e1d2a3fb7bbbb20ed4bfdc25bc8364bc62dcf54b",
                "sha256:e6b77ae84f2b8502d99a7855fa33334a1eb6159de45626905cb3e454c023f339",
                "sha256:e881ef610ff48aece2f4ee2af03d2db1a146dc7c705561bd6089b2356f61641f",
                "sha256:f41037260deaacb875db250021fe883bf536bf6414a4fd25b25059b02e31b120"
            ],
            "version": "==4.5.0"
        }
    },
    "develop": {}
}
